
Microsoft Visual Studio Solution File, Format Version 12.00
# Visual Studio 15
VisualStudioVersion = 15.0.28307.2092
MinimumVisualStudioVersion = 10.0.40219.1
Project("{FAE04EC0-301F-11D3-BF4B-00C04F79EFBC}") = "CRUDOPEARTIONwithADO", "CRUDOPEARTIONwithADO\CRUDOPEARTIONwithADO.csproj", "{89EB1BCF-2E6A-4B39-920C-460232A1930C}"
EndProject
Global
	GlobalSection(SolutionConfigurationPlatforms) = preSolution
		Debug|Any CPU = Debug|Any CPU
		Release|Any CPU = Release|Any CPU
	EndGlobalSection
	GlobalSection(ProjectConfigurationPlatforms) = postSolution
		{89EB1BCF-2E6A-4B39-920C-460232A1930C}.Debug|Any CPU.ActiveCfg = Debug|Any CPU
		{89EB1BCF-2E6A-4B39-920C-460232A1930C}.Debug|Any CPU.Build.0 = Debug|Any CPU
		{89EB1BCF-2E6A-4B39-920C-460232A1930C}.Release|Any CPU.ActiveCfg = Release|Any CPU
		{89EB1BCF-2E6A-4B39-920C-460232A1930C}.Release|Any CPU.Build.0 = Release|Any CPU
	EndGlobalSection
	GlobalSection(SolutionProperties) = preSolution
		HideSolutionNode = FALSE
	EndGlobalSection
	GlobalSection(ExtensibilityGlobals) = postSolution
		SolutionGuid = {7E094A5A-F488-4B43-802A-780F6DD5656F}
	EndGlobalSection
EndGlobal
